// !$*UTF8*$!
{
	archiveVersion = 1;
	classes = {
	};
	objectVersion = 70;
	objects = {

/* Begin PBXBuildFile section */
		F5202E392DE58CC500257750 /* ScannerLogView.swift in Sources */ = {isa = PBXBuildFile; fileRef = F5202E382DE58CB900257750 /* ScannerLogView.swift */; };
		F535E9FA2E1659AE00026E17 /* LaunchScreen.storyboard in Resources */ = {isa = PBXBuildFile; fileRef = F535E9F92E1659AE00026E17 /* LaunchScreen.storyboard */; };
		F55A69C82DFBDD4300095DF4 /* PressureCorrectionView.swift in Sources */ = {isa = PBXBuildFile; fileRef = F55A69C72DFBDCF700095DF4 /* PressureCorrectionView.swift */; };
		F56CA6332E1E0BBB007AB995 /* MQTTNIO in Frameworks */ = {isa = PBXBuildFile; productRef = F56CA6322E1E0BBB007AB995 /* MQTTNIO */; };
		F56CA6482E1E1521007AB995 /* Extension.swift in Sources */ = {isa = PBXBuildFile; fileRef = F56CA6472E1E1521007AB995 /* Extension.swift */; };
		F56CA6742E2DF264007AB995 /* MQTTCredentials.plist in Resources */ = {isa = PBXBuildFile; fileRef = F56CA6722E2DF25F007AB995 /* MQTTCredentials.plist */; };
		F56CA7FA2E30B2AD007AB995 /* MQTTCredentials_example.plist in Resources */ = {isa = PBXBuildFile; fileRef = F56CA7F92E30B2A5007AB995 /* MQTTCredentials_example.plist */; };
		F5B34AA62DA907E700A47FEE /* BLE_ScannerApp.swift in Sources */ = {isa = PBXBuildFile; fileRef = F5B34AA52DA907E700A47FEE /* BLE_ScannerApp.swift */; };
		F5B34AA82DA907E700A47FEE /* ContentView.swift in Sources */ = {isa = PBXBuildFile; fileRef = F5B34AA72DA907E700A47FEE /* ContentView.swift */; };
		F5B34AAA2DA907E900A47FEE /* Assets.xcassets in Resources */ = {isa = PBXBuildFile; fileRef = F5B34AA92DA907E900A47FEE /* Assets.xcassets */; };
		F5B34AAD2DA907E900A47FEE /* Preview Assets.xcassets in Resources */ = {isa = PBXBuildFile; fileRef = F5B34AAC2DA907E900A47FEE /* Preview Assets.xcassets */; };
		F5B34ABA2DAA216800A47FEE /* BLEBroadcasterView.swift in Sources */ = {isa = PBXBuildFile; fileRef = F5B34AB92DAA216800A47FEE /* BLEBroadcasterView.swift */; };
		F5CB0FC62DCDE74000B7C152 /* SettingView.swift in Sources */ = {isa = PBXBuildFile; fileRef = F5CB0FC52DCDE71500B7C152 /* SettingView.swift */; };
		F5D6C9452E1133CB0037982D /* HelpButtonView.swift in Sources */ = {isa = PBXBuildFile; fileRef = F5D6C9442E1133BF0037982D /* HelpButtonView.swift */; };
/* End PBXBuildFile section */

/* Begin PBXCopyFilesBuildPhase section */
		F56CA61A2E1E0471007AB995 /* Embed Watch Content */ = {
			isa = PBXCopyFilesBuildPhase;
			buildActionMask = 2147483647;
			dstPath = "$(CONTENTS_FOLDER_PATH)/Watch";
			dstSubfolderSpec = 16;
			files = (
			);
			name = "Embed Watch Content";
			runOnlyForDeploymentPostprocessing = 0;
		};
/* End PBXCopyFilesBuildPhase section */

/* Begin PBXFileReference section */
		F5202E382DE58CB900257750 /* ScannerLogView.swift */ = {isa = PBXFileReference; lastKnownFileType = sourcecode.swift; path = ScannerLogView.swift; sourceTree = "<group>"; };
		F535E9F92E1659AE00026E17 /* LaunchScreen.storyboard */ = {isa = PBXFileReference; lastKnownFileType = file.storyboard; path = LaunchScreen.storyboard; sourceTree = "<group>"; };
		F55A69C72DFBDCF700095DF4 /* PressureCorrectionView.swift */ = {isa = PBXFileReference; lastKnownFileType = sourcecode.swift; path = PressureCorrectionView.swift; sourceTree = "<group>"; };
		F56CA6472E1E1521007AB995 /* Extension.swift */ = {isa = PBXFileReference; lastKnownFileType = sourcecode.swift; path = Extension.swift; sourceTree = "<group>"; };
		F56CA6722E2DF25F007AB995 /* MQTTCredentials.plist */ = {isa = PBXFileReference; lastKnownFileType = text.plist.xml; path = MQTTCredentials.plist; sourceTree = "<group>"; };
		F56CA7F92E30B2A5007AB995 /* MQTTCredentials_example.plist */ = {isa = PBXFileReference; lastKnownFileType = text.plist.xml; path = MQTTCredentials_example.plist; sourceTree = "<group>"; };
		F5B34AA22DA907E700A47FEE /* BlueAdv.app */ = {isa = PBXFileReference; explicitFileType = wrapper.application; includeInIndex = 0; path = BlueAdv.app; sourceTree = BUILT_PRODUCTS_DIR; };
		F5B34AA52DA907E700A47FEE /* BLE_ScannerApp.swift */ = {isa = PBXFileReference; lastKnownFileType = sourcecode.swift; path = BLE_ScannerApp.swift; sourceTree = "<group>"; };
		F5B34AA72DA907E700A47FEE /* ContentView.swift */ = {isa = PBXFileReference; lastKnownFileType = sourcecode.swift; path = ContentView.swift; sourceTree = "<group>"; };
		F5B34AA92DA907E900A47FEE /* Assets.xcassets */ = {isa = PBXFileReference; lastKnownFileType = folder.assetcatalog; path = Assets.xcassets; sourceTree = "<group>"; };
		F5B34AAC2DA907E900A47FEE /* Preview Assets.xcassets */ = {isa = PBXFileReference; lastKnownFileType = folder.assetcatalog; path = "Preview Assets.xcassets"; sourceTree = "<group>"; };
		F5B34AB92DAA216800A47FEE /* BLEBroadcasterView.swift */ = {isa = PBXFileReference; lastKnownFileType = sourcecode.swift; path = BLEBroadcasterView.swift; sourceTree = "<group>"; };
		F5B34ABB2DAA626900A47FEE /* BLE-Scanner-Info.plist */ = {isa = PBXFileReference; lastKnownFileType = text.plist; path = "BLE-Scanner-Info.plist"; sourceTree = SOURCE_ROOT; };
		F5CB0FC52DCDE71500B7C152 /* SettingView.swift */ = {isa = PBXFileReference; lastKnownFileType = sourcecode.swift; path = SettingView.swift; sourceTree = "<group>"; };
		F5D6C9442E1133BF0037982D /* HelpButtonView.swift */ = {isa = PBXFileReference; lastKnownFileType = sourcecode.swift; path = HelpButtonView.swift; sourceTree = "<group>"; };
/* End PBXFileReference section */

/* Begin PBXFileSystemSynchronizedRootGroup section */
		F535E9ED2E1631E200026E17 /* BLEManager */ = {isa = PBXFileSystemSynchronizedRootGroup; explicitFileTypes = {}; explicitFolders = (); path = BLEManager; sourceTree = "<group>"; };
		F535E9EE2E16321000026E17 /* ScannerView */ = {isa = PBXFileSystemSynchronizedRootGroup; explicitFileTypes = {}; explicitFolders = (); path = ScannerView; sourceTree = "<group>"; };
		F535E9F02E16325700026E17 /* Manager */ = {isa = PBXFileSystemSynchronizedRootGroup; explicitFileTypes = {}; explicitFolders = (); path = Manager; sourceTree = "<group>"; };
		F535E9F12E16327100026E17 /* MQTTView */ = {isa = PBXFileSystemSynchronizedRootGroup; explicitFileTypes = {}; explicitFolders = (); path = MQTTView; sourceTree = "<group>"; };
		F535E9F82E16597800026E17 /* DataStructure */ = {isa = PBXFileSystemSynchronizedRootGroup; explicitFileTypes = {}; explicitFolders = (); path = DataStructure; sourceTree = "<group>"; };
/* End PBXFileSystemSynchronizedRootGroup section */

/* Begin PBXFrameworksBuildPhase section */
		F5B34A9F2DA907E700A47FEE /* Frameworks */ = {
			isa = PBXFrameworksBuildPhase;
			buildActionMask = 2147483647;
			files = (
				F56CA6332E1E0BBB007AB995 /* MQTTNIO in Frameworks */,
			);
			runOnlyForDeploymentPostprocessing = 0;
		};
/* End PBXFrameworksBuildPhase section */

/* Begin PBXGroup section */
		F56CA62D2E1E0B76007AB995 /* Frameworks */ = {
			isa = PBXGroup;
			children = (
			);
			name = Frameworks;
			sourceTree = "<group>";
		};
		F5B34A992DA907E700A47FEE = {
			isa = PBXGroup;
			children = (
				F5B34AA42DA907E700A47FEE /* BLE_Scanner */,
				F56CA62D2E1E0B76007AB995 /* Frameworks */,
				F5B34AA32DA907E700A47FEE /* Products */,
			);
			sourceTree = "<group>";
		};
		F5B34AA32DA907E700A47FEE /* Products */ = {
			isa = PBXGroup;
			children = (
				F5B34AA22DA907E700A47FEE /* BlueAdv.app */,
			);
			name = Products;
			sourceTree = "<group>";
		};
		F5B34AA42DA907E700A47FEE /* BLE_Scanner */ = {
			isa = PBXGroup;
			children = (
				F5B34ABB2DAA626900A47FEE /* BLE-Scanner-Info.plist */,
				F56CA7F92E30B2A5007AB995 /* MQTTCredentials_example.plist */,
				F56CA6722E2DF25F007AB995 /* MQTTCredentials.plist */,
				F535E9F92E1659AE00026E17 /* LaunchScreen.storyboard */,
				F5B34AA52DA907E700A47FEE /* BLE_ScannerApp.swift */,
				F5B34AA72DA907E700A47FEE /* ContentView.swift */,
				F56CA6472E1E1521007AB995 /* Extension.swift */,
				F535E9F02E16325700026E17 /* Manager */,
				F535E9ED2E1631E200026E17 /* BLEManager */,
				F535E9EE2E16321000026E17 /* ScannerView */,
				F535E9F12E16327100026E17 /* MQTTView */,
				F535E9F82E16597800026E17 /* DataStructure */,
				F5B34AB92DAA216800A47FEE /* BLEBroadcasterView.swift */,
				F5CB0FC52DCDE71500B7C152 /* SettingView.swift */,
				F5202E382DE58CB900257750 /* ScannerLogView.swift */,
				F55A69C72DFBDCF700095DF4 /* PressureCorrectionView.swift */,
				F5D6C9442E1133BF0037982D /* HelpButtonView.swift */,
				F5B34AA92DA907E900A47FEE /* Assets.xcassets */,
				F5B34AAB2DA907E900A47FEE /* Preview Content */,
			);
			path = BLE_Scanner;
			sourceTree = "<group>";
		};
		F5B34AAB2DA907E900A47FEE /* Preview Content */ = {
			isa = PBXGroup;
			children = (
				F5B34AAC2DA907E900A47FEE /* Preview Assets.xcassets */,
			);
			path = "Preview Content";
			sourceTree = "<group>";
		};
/* End PBXGroup section */

/* Begin PBXNativeTarget section */
		F5B34AA12DA907E700A47FEE /* BLE_Scanner */ = {
			isa = PBXNativeTarget;
			buildConfigurationList = F5B34AB02DA907E900A47FEE /* Build configuration list for PBXNativeTarget "BLE_Scanner" */;
			buildPhases = (
				F5B34A9E2DA907E700A47FEE /* Sources */,
				F5B34A9F2DA907E700A47FEE /* Frameworks */,
				F5B34AA02DA907E700A47FEE /* Resources */,
				F56CA61A2E1E0471007AB995 /* Embed Watch Content */,
			);
			buildRules = (
			);
			dependencies = (
			);
			fileSystemSynchronizedGroups = (
				F535E9ED2E1631E200026E17 /* BLEManager */,
				F535E9EE2E16321000026E17 /* ScannerView */,
				F535E9F02E16325700026E17 /* Manager */,
				F535E9F12E16327100026E17 /* MQTTView */,
				F535E9F82E16597800026E17 /* DataStructure */,
			);
			name = BLE_Scanner;
			productName = BLE_Scanner;
			productReference = F5B34AA22DA907E700A47FEE /* BlueAdv.app */;
			productType = "com.apple.product-type.application";
		};
/* End PBXNativeTarget section */

/* Begin PBXProject section */
		F5B34A9A2DA907E700A47FEE /* Project object */ = {
			isa = PBXProject;
			attributes = {
				BuildIndependentTargetsInParallel = 1;
				LastSwiftUpdateCheck = 1630;
				LastUpgradeCheck = 1540;
				TargetAttributes = {
					F5B34AA12DA907E700A47FEE = {
						CreatedOnToolsVersion = 15.4;
					};
				};
			};
			buildConfigurationList = F5B34A9D2DA907E700A47FEE /* Build configuration list for PBXProject "BLE_Scanner" */;
			compatibilityVersion = "Xcode 14.0";
			developmentRegion = en;
			hasScannedForEncodings = 0;
			knownRegions = (
				en,
				Base,
			);
			mainGroup = F5B34A992DA907E700A47FEE;
			packageReferences = (
				F56CA62C2E1E0AAE007AB995 /* XCRemoteSwiftPackageReference "mqtt-nio" */,
			);
			productRefGroup = F5B34AA32DA907E700A47FEE /* Products */;
			projectDirPath = "";
			projectRoot = "";
			targets = (
				F5B34AA12DA907E700A47FEE /* BLE_Scanner */,
			);
		};
/* End PBXProject section */

/* Begin PBXResourcesBuildPhase section */
		F5B34AA02DA907E700A47FEE /* Resources */ = {
			isa = PBXResourcesBuildPhase;
			buildActionMask = 2147483647;
			files = (
				F535E9FA2E1659AE00026E17 /* LaunchScreen.storyboard in Resources */,
				F5B34AAD2DA907E900A47FEE /* Preview Assets.xcassets in Resources */,
				F5B34AAA2DA907E900A47FEE /* Assets.xcassets in Resources */,
				F56CA7FA2E30B2AD007AB995 /* MQTTCredentials_example.plist in Resources */,
				F56CA6742E2DF264007AB995 /* MQTTCredentials.plist in Resources */,
			);
			runOnlyForDeploymentPostprocessing = 0;
		};
/* End PBXResourcesBuildPhase section */

/* Begin PBXSourcesBuildPhase section */
		F5B34A9E2DA907E700A47FEE /* Sources */ = {
			isa = PBXSourcesBuildPhase;
			buildActionMask = 2147483647;
			files = (
				F5B34ABA2DAA216800A47FEE /* BLEBroadcasterView.swift in Sources */,
				F5CB0FC62DCDE74000B7C152 /* SettingView.swift in Sources */,
				F55A69C82DFBDD4300095DF4 /* PressureCorrectionView.swift in Sources */,
				F56CA6482E1E1521007AB995 /* Extension.swift in Sources */,
				F5B34AA82DA907E700A47FEE /* ContentView.swift in Sources */,
				F5B34AA62DA907E700A47FEE /* BLE_ScannerApp.swift in Sources */,
				F5D6C9452E1133CB0037982D /* HelpButtonView.swift in Sources */,
				F5202E392DE58CC500257750 /* ScannerLogView.swift in Sources */,
			);
			runOnlyForDeploymentPostprocessing = 0;
		};
/* End PBXSourcesBuildPhase section */

/* Begin XCBuildConfiguration section */
		F5B34AAE2DA907E900A47FEE /* Debug */ = {
			isa = XCBuildConfiguration;
			buildSettings = {
				ALWAYS_SEARCH_USER_PATHS = NO;
				ASSETCATALOG_COMPILER_GENERATE_SWIFT_ASSET_SYMBOL_EXTENSIONS = YES;
				CLANG_ANALYZER_NONNULL = YES;
				CLANG_ANALYZER_NUMBER_OBJECT_CONVERSION = YES_AGGRESSIVE;
				CLANG_CXX_LANGUAGE_STANDARD = "gnu++20";
				CLANG_ENABLE_MODULES = YES;
				CLANG_ENABLE_OBJC_ARC = YES;
				CLANG_ENABLE_OBJC_WEAK = YES;
				CLANG_WARN_BLOCK_CAPTURE_AUTORELEASING = YES;
				CLANG_WARN_BOOL_CONVERSION = YES;
				CLANG_WARN_COMMA = YES;
				CLANG_WARN_CONSTANT_CONVERSION = YES;
				CLANG_WARN_DEPRECATED_OBJC_IMPLEMENTATIONS = YES;
				CLANG_WARN_DIRECT_OBJC_ISA_USAGE = YES_ERROR;
				CLANG_WARN_DOCUMENTATION_COMMENTS = YES;
				CLANG_WARN_EMPTY_BODY = YES;
				CLANG_WARN_ENUM_CONVERSION = YES;
				CLANG_WARN_INFINITE_RECURSION = YES;
				CLANG_WARN_INT_CONVERSION = YES;
				CLANG_WARN_NON_LITERAL_NULL_CONVERSION = YES;
				CLANG_WARN_OBJC_IMPLICIT_RETAIN_SELF = YES;
				CLANG_WARN_OBJC_LITERAL_CONVERSION = YES;
				CLANG_WARN_OBJC_ROOT_CLASS = YES_ERROR;
				CLANG_WARN_QUOTED_INCLUDE_IN_FRAMEWORK_HEADER = YES;
				CLANG_WARN_RANGE_LOOP_ANALYSIS = YES;
				CLANG_WARN_STRICT_PROTOTYPES = YES;
				CLANG_WARN_SUSPICIOUS_MOVE = YES;
				CLANG_WARN_UNGUARDED_AVAILABILITY = YES_AGGRESSIVE;
				CLANG_WARN_UNREACHABLE_CODE = YES;
				CLANG_WARN__DUPLICATE_METHOD_MATCH = YES;
				COPY_PHASE_STRIP = NO;
				DEBUG_INFORMATION_FORMAT = dwarf;
				ENABLE_STRICT_OBJC_MSGSEND = YES;
				ENABLE_TESTABILITY = YES;
				ENABLE_USER_SCRIPT_SANDBOXING = YES;
				GCC_C_LANGUAGE_STANDARD = gnu17;
				GCC_DYNAMIC_NO_PIC = NO;
				GCC_NO_COMMON_BLOCKS = YES;
				GCC_OPTIMIZATION_LEVEL = 0;
				GCC_PREPROCESSOR_DEFINITIONS = (
					"DEBUG=1",
					"$(inherited)",
				);
				GCC_WARN_64_TO_32_BIT_CONVERSION = YES;
				GCC_WARN_ABOUT_RETURN_TYPE = YES_ERROR;
				GCC_WARN_UNDECLARED_SELECTOR = YES;
				GCC_WARN_UNINITIALIZED_AUTOS = YES_AGGRESSIVE;
				GCC_WARN_UNUSED_FUNCTION = YES;
				GCC_WARN_UNUSED_VARIABLE = YES;
				IPHONEOS_DEPLOYMENT_TARGET = 17.5;
				LOCALIZATION_PREFERS_STRING_CATALOGS = YES;
				MTL_ENABLE_DEBUG_INFO = INCLUDE_SOURCE;
				MTL_FAST_MATH = YES;
				ONLY_ACTIVE_ARCH = YES;
				SDKROOT = iphoneos;
				SWIFT_ACTIVE_COMPILATION_CONDITIONS = "DEBUG $(inherited)";
				SWIFT_OPTIMIZATION_LEVEL = "-Onone";
				SWIFT_VERSION = "";
			};
			name = Debug;
		};
		F5B34AAF2DA907E900A47FEE /* Release */ = {
			isa = XCBuildConfiguration;
			buildSettings = {
				ALWAYS_SEARCH_USER_PATHS = NO;
				ASSETCATALOG_COMPILER_GENERATE_SWIFT_ASSET_SYMBOL_EXTENSIONS = YES;
				CLANG_ANALYZER_NONNULL = YES;
				CLANG_ANALYZER_NUMBER_OBJECT_CONVERSION = YES_AGGRESSIVE;
				CLANG_CXX_LANGUAGE_STANDARD = "gnu++20";
				CLANG_ENABLE_MODULES = YES;
				CLANG_ENABLE_OBJC_ARC = YES;
				CLANG_ENABLE_OBJC_WEAK = YES;
				CLANG_WARN_BLOCK_CAPTURE_AUTORELEASING = YES;
				CLANG_WARN_BOOL_CONVERSION = YES;
				CLANG_WARN_COMMA = YES;
				CLANG_WARN_CONSTANT_CONVERSION = YES;
				CLANG_WARN_DEPRECATED_OBJC_IMPLEMENTATIONS = YES;
				CLANG_WARN_DIRECT_OBJC_ISA_USAGE = YES_ERROR;
				CLANG_WARN_DOCUMENTATION_COMMENTS = YES;
				CLANG_WARN_EMPTY_BODY = YES;
				CLANG_WARN_ENUM_CONVERSION = YES;
				CLANG_WARN_INFINITE_RECURSION = YES;
				CLANG_WARN_INT_CONVERSION = YES;
				CLANG_WARN_NON_LITERAL_NULL_CONVERSION = YES;
				CLANG_WARN_OBJC_IMPLICIT_RETAIN_SELF = YES;
				CLANG_WARN_OBJC_LITERAL_CONVERSION = YES;
				CLANG_WARN_OBJC_ROOT_CLASS = YES_ERROR;
				CLANG_WARN_QUOTED_INCLUDE_IN_FRAMEWORK_HEADER = YES;
				CLANG_WARN_RANGE_LOOP_ANALYSIS = YES;
				CLANG_WARN_STRICT_PROTOTYPES = YES;
				CLANG_WARN_SUSPICIOUS_MOVE = YES;
				CLANG_WARN_UNGUARDED_AVAILABILITY = YES_AGGRESSIVE;
				CLANG_WARN_UNREACHABLE_CODE = YES;
				CLANG_WARN__DUPLICATE_METHOD_MATCH = YES;
				COPY_PHASE_STRIP = NO;
				DEBUG_INFORMATION_FORMAT = "dwarf-with-dsym";
				ENABLE_NS_ASSERTIONS = NO;
				ENABLE_STRICT_OBJC_MSGSEND = YES;
				ENABLE_USER_SCRIPT_SANDBOXING = YES;
				GCC_C_LANGUAGE_STANDARD = gnu17;
				GCC_NO_COMMON_BLOCKS = YES;
				GCC_WARN_64_TO_32_BIT_CONVERSION = YES;
				GCC_WARN_ABOUT_RETURN_TYPE = YES_ERROR;
				GCC_WARN_UNDECLARED_SELECTOR = YES;
				GCC_WARN_UNINITIALIZED_AUTOS = YES_AGGRESSIVE;
				GCC_WARN_UNUSED_FUNCTION = YES;
				GCC_WARN_UNUSED_VARIABLE = YES;
				IPHONEOS_DEPLOYMENT_TARGET = 17.5;
				LOCALIZATION_PREFERS_STRING_CATALOGS = YES;
				MTL_ENABLE_DEBUG_INFO = NO;
				MTL_FAST_MATH = YES;
				SDKROOT = iphoneos;
				SWIFT_COMPILATION_MODE = wholemodule;
				SWIFT_VERSION = "";
				VALIDATE_PRODUCT = YES;
			};
			name = Release;
		};
		F5B34AB12DA907E900A47FEE /* Debug */ = {
			isa = XCBuildConfiguration;
			buildSettings = {
				ASSETCATALOG_COMPILER_APPICON_NAME = AppIcon;
				ASSETCATALOG_COMPILER_GLOBAL_ACCENT_COLOR_NAME = AccentColor;
				CODE_SIGN_STYLE = Automatic;
				CURRENT_PROJECT_VERSION = 1;
				DEVELOPMENT_ASSET_PATHS = "\"BLE_Scanner/Preview Content\"";
				DEVELOPMENT_TEAM = 3CZA3RR964;
				ENABLE_PREVIEWS = YES;
				GENERATE_INFOPLIST_FILE = YES;
				INFOPLIST_FILE = "BLE-Scanner-Info.plist";
				INFOPLIST_KEY_NSBluetoothAlwaysUsageDescription = "同意開啟藍芽來使用此服務";
				INFOPLIST_KEY_NSBluetoothPeripheralUsageDescription = "同意開啟藍芽來使用此服務";
				INFOPLIST_KEY_UIApplicationSceneManifest_Generation = YES;
				INFOPLIST_KEY_UIApplicationSupportsIndirectInputEvents = YES;
				INFOPLIST_KEY_UILaunchScreen_Generation = YES;
				INFOPLIST_KEY_UILaunchStoryboardName = LaunchScreen;
				INFOPLIST_KEY_UISupportedInterfaceOrientations_iPad = "UIInterfaceOrientationPortrait UIInterfaceOrientationPortraitUpsideDown UIInterfaceOrientationLandscapeLeft UIInterfaceOrientationLandscapeRight";
				INFOPLIST_KEY_UISupportedInterfaceOrientations_iPhone = "UIInterfaceOrientationPortrait UIInterfaceOrientationLandscapeLeft UIInterfaceOrientationLandscapeRight";
				INFOPLIST_KEY_UIUserInterfaceStyle = Light;
				IPHONEOS_DEPLOYMENT_TARGET = 15.6;
				LD_RUNPATH_SEARCH_PATHS = (
					"$(inherited)",
					"@executable_path/Frameworks",
				);
				MARKETING_VERSION = 1.0;
				PRODUCT_BUNDLE_IDENTIFIER = com.blueAdv.v5;
				PRODUCT_NAME = BlueAdv;
				SWIFT_EMIT_LOC_STRINGS = YES;
				SWIFT_VERSION = 5.0;
				TARGETED_DEVICE_FAMILY = "1,2";
			};
			name = Debug;
		};
		F5B34AB22DA907E900A47FEE /* Release */ = {
			isa = XCBuildConfiguration;
			buildSettings = {
				ASSETCATALOG_COMPILER_APPICON_NAME = AppIcon;
				ASSETCATALOG_COMPILER_GLOBAL_ACCENT_COLOR_NAME = AccentColor;
				CODE_SIGN_STYLE = Automatic;
				CURRENT_PROJECT_VERSION = 1;
				DEVELOPMENT_ASSET_PATHS = "\"BLE_Scanner/Preview Content\"";
				DEVELOPMENT_TEAM = 3CZA3RR964;
				ENABLE_PREVIEWS = YES;
				GENERATE_INFOPLIST_FILE = YES;
				INFOPLIST_FILE = "BLE-Scanner-Info.plist";
				INFOPLIST_KEY_NSBluetoothAlwaysUsageDescription = "同意開啟藍芽來使用此服務";
				INFOPLIST_KEY_NSBluetoothPeripheralUsageDescription = "同意開啟藍芽來使用此服務";
				INFOPLIST_KEY_UIApplicationSceneManifest_Generation = YES;
				INFOPLIST_KEY_UIApplicationSupportsIndirectInputEvents = YES;
				INFOPLIST_KEY_UILaunchScreen_Generation = YES;
				INFOPLIST_KEY_UILaunchStoryboardName = LaunchScreen;
				INFOPLIST_KEY_UISupportedInterfaceOrientations_iPad = "UIInterfaceOrientationPortrait UIInterfaceOrientationPortraitUpsideDown UIInterfaceOrientationLandscapeLeft UIInterfaceOrientationLandscapeRight";
				INFOPLIST_KEY_UISupportedInterfaceOrientations_iPhone = "UIInterfaceOrientationPortrait UIInterfaceOrientationLandscapeLeft UIInterfaceOrientationLandscapeRight";
				INFOPLIST_KEY_UIUserInterfaceStyle = Light;
				IPHONEOS_DEPLOYMENT_TARGET = 15.6;
				LD_RUNPATH_SEARCH_PATHS = (
					"$(inherited)",
					"@executable_path/Frameworks",
				);
				MARKETING_VERSION = 1.0;
				PRODUCT_BUNDLE_IDENTIFIER = com.blueAdv.v5;
				PRODUCT_NAME = BlueAdv;
				SWIFT_EMIT_LOC_STRINGS = YES;
				SWIFT_VERSION = 5.0;
				TARGETED_DEVICE_FAMILY = "1,2";
			};
			name = Release;
		};
/* End XCBuildConfiguration section */

/* Begin XCConfigurationList section */
		F5B34A9D2DA907E700A47FEE /* Build configuration list for PBXProject "BLE_Scanner" */ = {
			isa = XCConfigurationList;
			buildConfigurations = (
				F5B34AAE2DA907E900A47FEE /* Debug */,
				F5B34AAF2DA907E900A47FEE /* Release */,
			);
			defaultConfigurationIsVisible = 0;
			defaultConfigurationName = Release;
		};
		F5B34AB02DA907E900A47FEE /* Build configuration list for PBXNativeTarget "BLE_Scanner" */ = {
			isa = XCConfigurationList;
			buildConfigurations = (
				F5B34AB12DA907E900A47FEE /* Debug */,
				F5B34AB22DA907E900A47FEE /* Release */,
			);
			defaultConfigurationIsVisible = 0;
			defaultConfigurationName = Release;
		};
/* End XCConfigurationList section */

/* Begin XCRemoteSwiftPackageReference section */
		F56CA62C2E1E0AAE007AB995 /* XCRemoteSwiftPackageReference "mqtt-nio" */ = {
			isa = XCRemoteSwiftPackageReference;
			repositoryURL = "https://github.com/swift-server-community/mqtt-nio.git";
			requirement = {
				kind = upToNextMajorVersion;
				minimumVersion = 2.12.1;
			};
		};
/* End XCRemoteSwiftPackageReference section */

/* Begin XCSwiftPackageProductDependency section */
		F56CA6322E1E0BBB007AB995 /* MQTTNIO */ = {
			isa = XCSwiftPackageProductDependency;
			package = F56CA62C2E1E0AAE007AB995 /* XCRemoteSwiftPackageReference "mqtt-nio" */;
			productName = MQTTNIO;
		};
/* End XCSwiftPackageProductDependency section */
	};
	rootObject = F5B34A9A2DA907E700A47FEE /* Project object */;
}
